Microsoft Visual Studio Solution File, Format Version 12.00
# Visual Studio 2012
Project("{FAE04EC0-301F-11D3-BF4B-00C04F79EFBC}") = "PdfLauncher", "PdfLauncher\PdfLauncher.csproj", "{BBF6F16F-D518-40FE-948A-4E943B635E7B}"
EndProject
Project("{FAE04EC0-301F-11D3-BF4B-00C04F79EFBC}") = "HtmlToPdf", "HtmlToPdf\HtmlToPdf.csproj", "{0CA4FCE0-82D9-4FA7-846B-3F29C1A2DBA9}"
EndProject
Global
	GlobalSection(SolutionConfigurationPlatforms) = preSolution
		Debug|Any CPU = Debug|Any CPU
		Release|Any CPU = Release|Any CPU
	EndGlobalSection
	GlobalSection(ProjectConfigurationPlatforms) = postSolution
		{BBF6F16F-D518-40FE-948A-4E943B635E7B}.Debug|Any CPU.ActiveCfg = Debug|Any CPU
		{BBF6F16F-D518-40FE-948A-4E943B635E7B}.Debug|Any CPU.Build.0 = Debug|Any CPU
		{BBF6F16F-D518-40FE-948A-4E943B635E7B}.Release|Any CPU.ActiveCfg = Release|Any CPU
		{BBF6F16F-D518-40FE-948A-4E943B635E7B}.Release|Any CPU.Build.0 = Release|Any CPU
		{0CA4FCE0-82D9-4FA7-846B-3F29C1A2DBA9}.Debug|Any CPU.ActiveCfg = Debug|Any CPU
		{0CA4FCE0-82D9-4FA7-846B-3F29C1A2DBA9}.Debug|Any CPU.Build.0 = Debug|Any CPU
		{0CA4FCE0-82D9-4FA7-846B-3F29C1A2DBA9}.Release|Any CPU.ActiveCfg = Release|Any CPU
		{0CA4FCE0-82D9-4FA7-846B-3F29C1A2DBA9}.Release|Any CPU.Build.0 = Release|Any CPU
	EndGlobalSection
	GlobalSection(SolutionProperties) = preSolution
		HideSolutionNode = FALSE
	EndGlobalSection
EndGlobal
